
Microsoft Visual Studio Solution File, Format Version 12.00
# Visual Studio Version 16
VisualStudioVersion = 16.0.31105.61
MinimumVisualStudioVersion = 10.0.40219.1
Project("{8BC9CEB8-8B4A-11D0-8D11-00A0C91BC942}") = "Bai03", "Bai03\Bai03.vcxproj", "{8454F056-0D7D-4B5B-9998-3B77CBD454CF}"
EndProject
Global
	GlobalSection(SolutionConfigurationPlatforms) = preSolution
		Debug|x64 = Debug|x64
		Debug|x86 = Debug|x86
		Release|x64 = Release|x64
		Release|x86 = Release|x86
	EndGlobalSection
	GlobalSection(ProjectConfigurationPlatforms) = postSolution
		{8454F056-0D7D-4B5B-9998-3B77CBD454CF}.Debug|x64.ActiveCfg = Debug|x64
		{8454F056-0D7D-4B5B-9998-3B77CBD454CF}.Debug|x64.Build.0 = Debug|x64
		{8454F056-0D7D-4B5B-9998-3B77CBD454CF}.Debug|x86.ActiveCfg = Debug|Win32
		{8454F056-0D7D-4B5B-9998-3B77CBD454CF}.Debug|x86.Build.0 = Debug|Win32
		{8454F056-0D7D-4B5B-9998-3B77CBD454CF}.Release|x64.ActiveCfg = Release|x64
		{8454F056-0D7D-4B5B-9998-3B77CBD454CF}.Release|x64.Build.0 = Release|x64
		{8454F056-0D7D-4B5B-9998-3B77CBD454CF}.Release|x86.ActiveCfg = Release|Win32
		{8454F056-0D7D-4B5B-9998-3B77CBD454CF}.Release|x86.Build.0 = Release|Win32
	EndGlobalSection
	GlobalSection(SolutionProperties) = preSolution
		HideSolutionNode = FALSE
	EndGlobalSection
	GlobalSection(ExtensibilityGlobals) = postSolution
		SolutionGuid = {E5FC63AC-F207-4505-A920-0AEEDED9C572}
	EndGlobalSection
EndGlobal
