
Microsoft Visual Studio Solution File, Format Version 12.00
# Visual Studio Version 16
VisualStudioVersion = 16.0.31105.61
MinimumVisualStudioVersion = 10.0.40219.1
Project("{8BC9CEB8-8B4A-11D0-8D11-00A0C91BC942}") = "Bai11", "Bai11\Bai11.vcxproj", "{11E1366B-8EFD-4579-9866-311DA8425727}"
EndProject
Global
	GlobalSection(SolutionConfigurationPlatforms) = preSolution
		Debug|x64 = Debug|x64
		Debug|x86 = Debug|x86
		Release|x64 = Release|x64
		Release|x86 = Release|x86
	EndGlobalSection
	GlobalSection(ProjectConfigurationPlatforms) = postSolution
		{11E1366B-8EFD-4579-9866-311DA8425727}.Debug|x64.ActiveCfg = Debug|x64
		{11E1366B-8EFD-4579-9866-311DA8425727}.Debug|x64.Build.0 = Debug|x64
		{11E1366B-8EFD-4579-9866-311DA8425727}.Debug|x86.ActiveCfg = Debug|Win32
		{11E1366B-8EFD-4579-9866-311DA8425727}.Debug|x86.Build.0 = Debug|Win32
		{11E1366B-8EFD-4579-9866-311DA8425727}.Release|x64.ActiveCfg = Release|x64
		{11E1366B-8EFD-4579-9866-311DA8425727}.Release|x64.Build.0 = Release|x64
		{11E1366B-8EFD-4579-9866-311DA8425727}.Release|x86.ActiveCfg = Release|Win32
		{11E1366B-8EFD-4579-9866-311DA8425727}.Release|x86.Build.0 = Release|Win32
	EndGlobalSection
	GlobalSection(SolutionProperties) = preSolution
		HideSolutionNode = FALSE
	EndGlobalSection
	GlobalSection(ExtensibilityGlobals) = postSolution
		SolutionGuid = {F29A1166-E86F-4864-9397-2CD7FE13DF4D}
	EndGlobalSection
EndGlobal
