
Microsoft Visual Studio Solution File, Format Version 12.00
# Visual Studio Version 16
VisualStudioVersion = 16.0.31105.61
MinimumVisualStudioVersion = 10.0.40219.1
Project("{8BC9CEB8-8B4A-11D0-8D11-00A0C91BC942}") = "Bai14", "Bai14\Bai14.vcxproj", "{35B523E1-897E-4B7C-9270-3E30A280058E}"
EndProject
Global
	GlobalSection(SolutionConfigurationPlatforms) = preSolution
		Debug|x64 = Debug|x64
		Debug|x86 = Debug|x86
		Release|x64 = Release|x64
		Release|x86 = Release|x86
	EndGlobalSection
	GlobalSection(ProjectConfigurationPlatforms) = postSolution
		{35B523E1-897E-4B7C-9270-3E30A280058E}.Debug|x64.ActiveCfg = Debug|x64
		{35B523E1-897E-4B7C-9270-3E30A280058E}.Debug|x64.Build.0 = Debug|x64
		{35B523E1-897E-4B7C-9270-3E30A280058E}.Debug|x86.ActiveCfg = Debug|Win32
		{35B523E1-897E-4B7C-9270-3E30A280058E}.Debug|x86.Build.0 = Debug|Win32
		{35B523E1-897E-4B7C-9270-3E30A280058E}.Release|x64.ActiveCfg = Release|x64
		{35B523E1-897E-4B7C-9270-3E30A280058E}.Release|x64.Build.0 = Release|x64
		{35B523E1-897E-4B7C-9270-3E30A280058E}.Release|x86.ActiveCfg = Release|Win32
		{35B523E1-897E-4B7C-9270-3E30A280058E}.Release|x86.Build.0 = Release|Win32
	EndGlobalSection
	GlobalSection(SolutionProperties) = preSolution
		HideSolutionNode = FALSE
	EndGlobalSection
	GlobalSection(ExtensibilityGlobals) = postSolution
		SolutionGuid = {674CFF13-B88A-436F-863B-76CE984A150F}
	EndGlobalSection
EndGlobal
